# @generated - this file is auto-generated by `mise lock` https://mise.jdx.dev/dev-tools/mise-lock.html

[[tools.cargo-dist]]
version = "0.32.0"
backend = "aqua:axodotdev/cargo-dist"

[tools.cargo-dist."platforms.linux-arm64"]
checksum = "sha256:16d4394af9b91366ca92cb4601a72dd0a209a49301ef535749e2141039e26ed6"
url = "https://github.com/axodotdev/cargo-dist/releases/download/v0.32.0/cargo-dist-aarch64-unknown-linux-musl.tar.xz"
url_api = "https://api.github.com/repos/axodotdev/cargo-dist/releases/assets/426804445"
provenance = "github-attestations"

[tools.cargo-dist."platforms.linux-arm64-musl"]
checksum = "sha256:16d4394af9b91366ca92cb4601a72dd0a209a49301ef535749e2141039e26ed6"
url = "https://github.com/axodotdev/cargo-dist/releases/download/v0.32.0/cargo-dist-aarch64-unknown-linux-musl.tar.xz"
url_api = "https://api.github.com/repos/axodotdev/cargo-dist/releases/assets/426804445"
provenance = "github-attestations"

[tools.cargo-dist."platforms.linux-x64"]
checksum = "sha256:0d9dc001b0e937e9cc18e0dc11784aa7a3fd566656b07828d5e1d10ce1c1c48c"
url = "https://github.com/axodotdev/cargo-dist/releases/download/v0.32.0/cargo-dist-x86_64-unknown-linux-musl.tar.xz"
url_api = "https://api.github.com/repos/axodotdev/cargo-dist/releases/assets/426804479"
provenance = "github-attestations"

[tools.cargo-dist."platforms.linux-x64-musl"]
checksum = "sha256:0d9dc001b0e937e9cc18e0dc11784aa7a3fd566656b07828d5e1d10ce1c1c48c"
url = "https://github.com/axodotdev/cargo-dist/releases/download/v0.32.0/cargo-dist-x86_64-unknown-linux-musl.tar.xz"
url_api = "https://api.github.com/repos/axodotdev/cargo-dist/releases/assets/426804479"
provenance = "github-attestations"

[tools.cargo-dist."platforms.macos-arm64"]
checksum = "sha256:aa343b2ff78ec2981f17a65140250c5ad6062c74072163f68c5c2686d94763a7"
url = "https://github.com/axodotdev/cargo-dist/releases/download/v0.32.0/cargo-dist-aarch64-apple-darwin.tar.xz"
url_api = "https://api.github.com/repos/axodotdev/cargo-dist/releases/assets/426804448"
provenance = "github-attestations"

[tools.cargo-dist."platforms.macos-x64"]
checksum = "sha256:6243464a8389e006b9256ee548bc795638f1a17113c1b6669c0e05ce89fd05c5"
url = "https://github.com/axodotdev/cargo-dist/releases/download/v0.32.0/cargo-dist-x86_64-apple-darwin.tar.xz"
url_api = "https://api.github.com/repos/axodotdev/cargo-dist/releases/assets/426804465"
provenance = "github-attestations"

[tools.cargo-dist."platforms.windows-x64"]
checksum = "sha256:26e845cabff12a92911ce960af73a86c8f9b2b2d9072b01dfe5b662acf044fa3"
url = "https://github.com/axodotdev/cargo-dist/releases/download/v0.32.0/cargo-dist-x86_64-pc-windows-msvc.zip"
url_api = "https://api.github.com/repos/axodotdev/cargo-dist/releases/assets/426804467"
provenance = "github-attestations"

[[tools.lefthook]]
version = "2.1.9"
backend = "aqua:evilmartians/lefthook"

[tools.lefthook."platforms.linux-arm64"]
checksum = "sha256:d1bae1c9c26b35270dd675c93c33cecead885368ed078b3976ec23cdcedd28e8"
url = "https://github.com/evilmartians/lefthook/releases/download/v2.1.9/lefthook_2.1.9_Linux_aarch64.gz"
url_api = "https://api.github.com/repos/evilmartians/lefthook/releases/assets/432862088"
provenance = "github-attestations"

[tools.lefthook."platforms.linux-arm64-musl"]
checksum = "sha256:d1bae1c9c26b35270dd675c93c33cecead885368ed078b3976ec23cdcedd28e8"
url = "https://github.com/evilmartians/lefthook/releases/download/v2.1.9/lefthook_2.1.9_Linux_aarch64.gz"
url_api = "https://api.github.com/repos/evilmartians/lefthook/releases/assets/432862088"
provenance = "github-attestations"

[tools.lefthook."platforms.linux-x64"]
checksum = "sha256:e938f34bd05bafe1155888879a045ef4ee8cf5b4a56c9e5e9b0c2649f295636e"
url = "https://github.com/evilmartians/lefthook/releases/download/v2.1.9/lefthook_2.1.9_Linux_x86_64.gz"
url_api = "https://api.github.com/repos/evilmartians/lefthook/releases/assets/432862064"
provenance = "github-attestations"

[tools.lefthook."platforms.linux-x64-musl"]
checksum = "sha256:e938f34bd05bafe1155888879a045ef4ee8cf5b4a56c9e5e9b0c2649f295636e"
url = "https://github.com/evilmartians/lefthook/releases/download/v2.1.9/lefthook_2.1.9_Linux_x86_64.gz"
url_api = "https://api.github.com/repos/evilmartians/lefthook/releases/assets/432862064"
provenance = "github-attestations"

[tools.lefthook."platforms.macos-arm64"]
checksum = "sha256:808f8ef81a61e01eb41c1a2951e5639804f2372dc6a484bbeff726406745c77f"
url = "https://github.com/evilmartians/lefthook/releases/download/v2.1.9/lefthook_2.1.9_MacOS_arm64.gz"
url_api = "https://api.github.com/repos/evilmartians/lefthook/releases/assets/432862040"
provenance = "github-attestations"

[tools.lefthook."platforms.macos-x64"]
checksum = "sha256:371c3c75cb07a8cdf41295596d3981adc1f92dee7795001f7d471e1f36fe2a0e"
url = "https://github.com/evilmartians/lefthook/releases/download/v2.1.9/lefthook_2.1.9_MacOS_x86_64.gz"
url_api = "https://api.github.com/repos/evilmartians/lefthook/releases/assets/432862047"
provenance = "github-attestations"

[tools.lefthook."platforms.windows-x64"]
checksum = "sha256:1f29681dfbc36b9bdde52139cca6c4668ea4d51fd81e9127a3b78f49369db67e"
url = "https://github.com/evilmartians/lefthook/releases/download/v2.1.9/lefthook_2.1.9_Windows_x86_64.gz"
url_api = "https://api.github.com/repos/evilmartians/lefthook/releases/assets/432862077"
provenance = "github-attestations"

[[tools."npm:@fission-ai/openspec"]]
version = "1.6.0"
backend = "npm:@fission-ai/openspec"

[[tools."npm:rulesync"]]
version = "9.6.3"
backend = "npm:rulesync"

[[tools."npm:skills"]]
version = "1.5.16"
backend = "npm:skills"

[[tools.release-plz]]
version = "0.3.159"
backend = "aqua:release-plz/release-plz"

[tools.release-plz."platforms.linux-arm64"]
checksum = "sha256:58b80ecce86ac24cbecf3f4cf37eeb0412583a0adf3a8ae608b6a4eb71737f35"
url = "https://github.com/release-plz/release-plz/releases/download/release-plz-v0.3.159/release-plz-aarch64-unknown-linux-musl.tar.gz"
url_api = "https://api.github.com/repos/release-plz/release-plz/releases/assets/442830780"

[tools.release-plz."platforms.linux-arm64-musl"]
checksum = "sha256:58b80ecce86ac24cbecf3f4cf37eeb0412583a0adf3a8ae608b6a4eb71737f35"
url = "https://github.com/release-plz/release-plz/releases/download/release-plz-v0.3.159/release-plz-aarch64-unknown-linux-musl.tar.gz"
url_api = "https://api.github.com/repos/release-plz/release-plz/releases/assets/442830780"

[tools.release-plz."platforms.linux-x64"]
checksum = "sha256:b634dcb4a1b0724e00e924ab50e685704ef2bf8c6ebb809f4ac2ab16ac8458d9"
url = "https://github.com/release-plz/release-plz/releases/download/release-plz-v0.3.159/release-plz-x86_64-unknown-linux-musl.tar.gz"
url_api = "https://api.github.com/repos/release-plz/release-plz/releases/assets/442830250"

[tools.release-plz."platforms.linux-x64-musl"]
checksum = "sha256:b634dcb4a1b0724e00e924ab50e685704ef2bf8c6ebb809f4ac2ab16ac8458d9"
url = "https://github.com/release-plz/release-plz/releases/download/release-plz-v0.3.159/release-plz-x86_64-unknown-linux-musl.tar.gz"
url_api = "https://api.github.com/repos/release-plz/release-plz/releases/assets/442830250"

[tools.release-plz."platforms.macos-arm64"]
checksum = "sha256:c9ff7e895a018c6d6c1cd62c85d0ff296a8e6dd1647bc816b9251d8056b72e2f"
url = "https://github.com/release-plz/release-plz/releases/download/release-plz-v0.3.159/release-plz-aarch64-apple-darwin.tar.gz"
url_api = "https://api.github.com/repos/release-plz/release-plz/releases/assets/442829894"

[tools.release-plz."platforms.windows-x64"]
checksum = "sha256:cd6d49c63a8800a40599e2f85a488e9c5efbacba6e53e3e45eb71aa02b1b2876"
url = "https://github.com/release-plz/release-plz/releases/download/release-plz-v0.3.159/release-plz-x86_64-pc-windows-msvc.tar.gz"
url_api = "https://api.github.com/repos/release-plz/release-plz/releases/assets/442833961"

[[tools.rust]]
version = "1.97.0"
backend = "core:rust"

[tools.rust.options]
components = "clippy,rustfmt"
profile = "default"
